
Microsoft Visual Studio Solution File, Format Version 12.00
# Visual Studio Version 16
VisualStudioVersion = 16.0.31624.102
MinimumVisualStudioVersion = 10.0.40219.1
Project("{9A19103F-16F7-4668-BE54-9A1E7A4F7556}") = "RateACourse.Web", "RateACourse.Web\RateACourse.Web.csproj", "{5AFB17C6-14A3-4282-835E-7340775D1471}"
EndProject
Project("{9A19103F-16F7-4668-BE54-9A1E7A4F7556}") = "RateACourse.Core", "RateACourse.Core\RateACourse.Core.csproj", "{88E01171-9C5F-4046-BA18-92210FD5DA37}"
EndProject
Global
	GlobalSection(SolutionConfigurationPlatforms) = preSolution
		Debug|Any CPU = Debug|Any CPU
		Release|Any CPU = Release|Any CPU
	EndGlobalSection
	GlobalSection(ProjectConfigurationPlatforms) = postSolution
		{5AFB17C6-14A3-4282-835E-7340775D1471}.Debug|Any CPU.ActiveCfg = Debug|Any CPU
		{5AFB17C6-14A3-4282-835E-7340775D1471}.Debug|Any CPU.Build.0 = Debug|Any CPU
		{5AFB17C6-14A3-4282-835E-7340775D1471}.Release|Any CPU.ActiveCfg = Release|Any CPU
		{5AFB17C6-14A3-4282-835E-7340775D1471}.Release|Any CPU.Build.0 = Release|Any CPU
		{88E01171-9C5F-4046-BA18-92210FD5DA37}.Debug|Any CPU.ActiveCfg = Debug|Any CPU
		{88E01171-9C5F-4046-BA18-92210FD5DA37}.Debug|Any CPU.Build.0 = Debug|Any CPU
		{88E01171-9C5F-4046-BA18-92210FD5DA37}.Release|Any CPU.ActiveCfg = Release|Any CPU
		{88E01171-9C5F-4046-BA18-92210FD5DA37}.Release|Any CPU.Build.0 = Release|Any CPU
	EndGlobalSection
	GlobalSection(SolutionProperties) = preSolution
		HideSolutionNode = FALSE
	EndGlobalSection
	GlobalSection(ExtensibilityGlobals) = postSolution
		SolutionGuid = {E999E608-7459-45A2-84E8-4BFA4EF0D3BD}
	EndGlobalSection
EndGlobal
